uuid: 805b9abc-41e4-4e5a-a799-c93008ef303b
langcode: en
status: true
dependencies:
  module:
    - webform
active_version: 7b80cf2c7bac74c9
versioned_properties:
  active:
    settings:
      default_settings:
        id: webform_block
        label: Webform
        label_display: '0'
        provider: webform
        webform_id: ''
        default_data: ''
        redirect: false
        lazy: false
    fallback_metadata:
      slot_definitions: null
  b5dca6ca0519bf1b:
    settings:
      default_settings:
        id: webform_block
        label: Webform
        label_display: '0'
        provider: webform
        webform_id: ''
        default_data: ''
        redirect: false
        lazy: false
    fallback_metadata:
      slot_definitions: null
label: Webform
id: block.webform_block
provider: webform
source: block
source_local_id: webform_block
