uuid: f302d6b7-0dcf-4594-83c3-e43dafd6a4a5
langcode: en
status: true
dependencies:
  module:
    - options
  theme:
    - vartheme_bs5
_core:
  default_config_hash: v0BAQTaytsM6LqNnGYj4VR3c9xMCvVjtZ2FF84abrR8
active_version: d4ebc8481d81cca5
versioned_properties:
  active:
    settings:
      prop_field_definitions:
        title:
          required: false
          field_type: string
          field_storage_settings: {  }
          field_instance_settings: {  }
          field_widget: string_textfield
          default_value:
            -
              value: 'Section title'
          expression: ℹ︎string␟value
          derived_schema_metadata:
            string_shape: {  }
        heading_level:
          required: false
          field_type: list_integer
          field_storage_settings:
            allowed_values_function: canvas_load_allowed_values_for_component_prop
          field_instance_settings: {  }
          field_widget: options_select
          default_value:
            -
              value: 3
          expression: ℹ︎list_integer␟value
          derived_schema_metadata: {  }
        open_by_default:
          required: false
          field_type: boolean
          field_storage_settings: {  }
          field_instance_settings: {  }
          field_widget: boolean_checkbox
          default_value:
            -
              value: true
          expression: ℹ︎boolean␟value
          derived_schema_metadata: {  }
        parent_id:
          required: false
          field_type: string
          field_storage_settings: {  }
          field_instance_settings: {  }
          field_widget: string_textfield
          default_value: null
          expression: ℹ︎string␟value
          derived_schema_metadata:
            string_shape: {  }
        item_id:
          required: false
          field_type: string
          field_storage_settings: {  }
          field_instance_settings: {  }
          field_widget: string_textfield
          default_value: null
          expression: ℹ︎string␟value
          derived_schema_metadata:
            string_shape: {  }
        always_open:
          required: false
          field_type: boolean
          field_storage_settings: {  }
          field_instance_settings: {  }
          field_widget: boolean_checkbox
          default_value:
            -
              value: false
          expression: ℹ︎boolean␟value
          derived_schema_metadata: {  }
        color:
          required: false
          field_type: list_string
          field_storage_settings:
            allowed_values_function: canvas_load_allowed_values_for_component_prop
          field_instance_settings: {  }
          field_widget: options_select
          default_value:
            -
              value: inherit
          expression: ℹ︎list_string␟value
          derived_schema_metadata: {  }
    fallback_metadata:
      slot_definitions:
        accordion_content:
          title: 'Accordion content'
          description: 'Content in this slot will be hidden when the accordion is collapsed.'
          examples:
            - '<p>Accordion body content…</p>'
  d15857c73d3eb93c:
    settings:
      prop_field_definitions:
        title:
          required: false
          field_type: string
          field_storage_settings: null
          field_instance_settings: null
          field_widget: string_textfield
          default_value:
            -
              value: 'Section title'
          expression: ℹ︎string␟value
          derived_schema_metadata:
            string_shape: {  }
        heading_level:
          required: false
          field_type: list_integer
          field_storage_settings:
            allowed_values_function: canvas_load_allowed_values_for_component_prop
          field_instance_settings: null
          field_widget: options_select
          default_value:
            -
              value: 3
          expression: ℹ︎list_integer␟value
          derived_schema_metadata: {  }
        open_by_default:
          required: false
          field_type: boolean
          field_storage_settings: null
          field_instance_settings: null
          field_widget: boolean_checkbox
          default_value:
            -
              value: true
          expression: ℹ︎boolean␟value
          derived_schema_metadata: {  }
        parent_id:
          required: false
          field_type: string
          field_storage_settings: null
          field_instance_settings: null
          field_widget: string_textfield
          default_value: null
          expression: ℹ︎string␟value
          derived_schema_metadata:
            string_shape: {  }
        item_id:
          required: false
          field_type: string
          field_storage_settings: null
          field_instance_settings: null
          field_widget: string_textfield
          default_value: null
          expression: ℹ︎string␟value
          derived_schema_metadata:
            string_shape: {  }
        always_open:
          required: false
          field_type: boolean
          field_storage_settings: null
          field_instance_settings: null
          field_widget: boolean_checkbox
          default_value: null
          expression: ℹ︎boolean␟value
          derived_schema_metadata: {  }
        color:
          required: false
          field_type: list_string
          field_storage_settings:
            allowed_values_function: canvas_load_allowed_values_for_component_prop
          field_instance_settings: null
          field_widget: options_select
          default_value: null
          expression: ℹ︎list_string␟value
          derived_schema_metadata: {  }
        extra_classes:
          required: false
          field_type: string
          field_storage_settings: null
          field_instance_settings: null
          field_widget: string_textfield
          default_value: null
          expression: ℹ︎string␟value
          derived_schema_metadata: {  }
    fallback_metadata:
      slot_definitions:
        accordion_content:
          title: 'Accordion content'
          description: 'Content in this slot will be hidden when the accordion is collapsed.'
          examples:
            - '<p>Accordion body content…</p>'
label: Accordion
id: sdc.vartheme_bs5.accordion-block
provider: vartheme_bs5
source: sdc
source_local_id: 'vartheme_bs5:accordion-block'
